
Microsoft Visual Studio Solution File, Format Version 12.00
# Visual Studio 15
Project("{FAE04EC0-301F-11D3-BF4B-00C04F79EFBC}") = "Assembly-CSharp", "Assembly-CSharp.csproj", "{ADE00A9E-985E-73D9-B703-66A29125C0E4}"
EndProject
Global
	GlobalSection(SolutionConfigurationPlatforms) = preSolution
		Debug|Any CPU = Debug|Any CPU
		Release|Any CPU = Release|Any CPU
	EndGlobalSection
	GlobalSection(ProjectConfigurationPlatforms) = postSolution
		{ADE00A9E-985E-73D9-B703-66A29125C0E4}.Debug|Any CPU.ActiveCfg = Debug|Any CPU
		{ADE00A9E-985E-73D9-B703-66A29125C0E4}.Debug|Any CPU.Build.0 = Debug|Any CPU
		{ADE00A9E-985E-73D9-B703-66A29125C0E4}.Release|Any CPU.ActiveCfg = Release|Any CPU
		{ADE00A9E-985E-73D9-B703-66A29125C0E4}.Release|Any CPU.Build.0 = Release|Any CPU
	EndGlobalSection
	GlobalSection(SolutionProperties) = preSolution
		HideSolutionNode = FALSE
	EndGlobalSection
EndGlobal
